// !$*UTF8*$!
{
	archiveVersion = 1;
	classes = {
	};
	objectVersion = 55;
	objects = {

/* Begin PBXBuildFile section */
		AD02148F2841298800C0BE0A /* UserListView.swift in Sources */ = {isa = PBXBuildFile; fileRef = AD02148E2841298800C0BE0A /* UserListView.swift */; };
		AD021492284262D100C0BE0A /* BaseTextField.swift in Sources */ = {isa = PBXBuildFile; fileRef = AD021491284262D100C0BE0A /* BaseTextField.swift */; };
		AD021494284299B000C0BE0A /* User_Model.swift in Sources */ = {isa = PBXBuildFile; fileRef = AD021493284299B000C0BE0A /* User_Model.swift */; };
		AD0214962846331600C0BE0A /* BaseView.swift in Sources */ = {isa = PBXBuildFile; fileRef = AD0214952846331600C0BE0A /* BaseView.swift */; };
		AD0214982846334F00C0BE0A /* SettingsView.swift in Sources */ = {isa = PBXBuildFile; fileRef = AD0214972846334F00C0BE0A /* SettingsView.swift */; };
		AD02149A28477F1700C0BE0A /* UserItem_ViewModel.swift in Sources */ = {isa = PBXBuildFile; fileRef = AD02149928477F1700C0BE0A /* UserItem_ViewModel.swift */; };
		AD02149C2847823300C0BE0A /* UserList_Repository.swift in Sources */ = {isa = PBXBuildFile; fileRef = AD02149B2847823300C0BE0A /* UserList_Repository.swift */; };
		AD02149E284785DA00C0BE0A /* UserListItemView.swift in Sources */ = {isa = PBXBuildFile; fileRef = AD02149D284785DA00C0BE0A /* UserListItemView.swift */; };
		AD0214A028479DD100C0BE0A /* ChatView.swift in Sources */ = {isa = PBXBuildFile; fileRef = AD02149F28479DD100C0BE0A /* ChatView.swift */; };
		AD0214A22848B72C00C0BE0A /* ImagePicker.swift in Sources */ = {isa = PBXBuildFile; fileRef = AD0214A12848B72C00C0BE0A /* ImagePicker.swift */; };
		AD0214A5284A7C3200C0BE0A /* FirebaseStorage in Frameworks */ = {isa = PBXBuildFile; productRef = AD0214A4284A7C3200C0BE0A /* FirebaseStorage */; };
		AD0214A7284A7C3200C0BE0A /* FirebaseStorageCombine-Community in Frameworks */ = {isa = PBXBuildFile; productRef = AD0214A6284A7C3200C0BE0A /* FirebaseStorageCombine-Community */; };
		AD19399F283B7C4D003742AC /* AuthUser_Model.swift in Sources */ = {isa = PBXBuildFile; fileRef = AD19399E283B7C4D003742AC /* AuthUser_Model.swift */; };
		AD1939A2283B7F09003742AC /* UserList_ViewModel.swift in Sources */ = {isa = PBXBuildFile; fileRef = AD1939A1283B7F09003742AC /* UserList_ViewModel.swift */; };
		AD1939A5283B7FA9003742AC /* UserAuth_Repository.swift in Sources */ = {isa = PBXBuildFile; fileRef = AD1939A4283B7FA9003742AC /* UserAuth_Repository.swift */; };
		AD1939A7283BB9FD003742AC /* App_Manager.swift in Sources */ = {isa = PBXBuildFile; fileRef = AD1939A6283BB9FD003742AC /* App_Manager.swift */; };
		AD4E6B8C283741C9006FB523 /* MessengerApp.swift in Sources */ = {isa = PBXBuildFile; fileRef = AD4E6B8B283741C9006FB523 /* MessengerApp.swift */; };
		AD4E6B90283741C9006FB523 /* Assets.xcassets in Resources */ = {isa = PBXBuildFile; fileRef = AD4E6B8F283741C9006FB523 /* Assets.xcassets */; };
		AD4E6B93283741C9006FB523 /* Preview Assets.xcassets in Resources */ = {isa = PBXBuildFile; fileRef = AD4E6B92283741C9006FB523 /* Preview Assets.xcassets */; };
		AD4E6B9D283741CA006FB523 /* MessengerTests.swift in Sources */ = {isa = PBXBuildFile; fileRef = AD4E6B9C283741CA006FB523 /* MessengerTests.swift */; };
		AD4E6BA7283741CA006FB523 /* MessengerUITests.swift in Sources */ = {isa = PBXBuildFile; fileRef = AD4E6BA6283741CA006FB523 /* MessengerUITests.swift */; };
		AD4E6BA9283741CA006FB523 /* MessengerUITestsLaunchTests.swift in Sources */ = {isa = PBXBuildFile; fileRef = AD4E6BA8283741CA006FB523 /* MessengerUITestsLaunchTests.swift */; };
		AD4E6BB728374386006FB523 /* FirebaseFirestore in Frameworks */ = {isa = PBXBuildFile; productRef = AD4E6BB628374386006FB523 /* FirebaseFirestore */; };
		AD4E6BB928374386006FB523 /* FirebaseFirestoreSwift in Frameworks */ = {isa = PBXBuildFile; productRef = AD4E6BB828374386006FB523 /* FirebaseFirestoreSwift */; };
		AD4E6BBB283745C2006FB523 /* LoginView.swift in Sources */ = {isa = PBXBuildFile; fileRef = AD4E6BBA283745C2006FB523 /* LoginView.swift */; };
		AD4E6BBD283748A1006FB523 /* GoogleService-Info.plist in Resources */ = {isa = PBXBuildFile; fileRef = AD4E6BBC283748A1006FB523 /* GoogleService-Info.plist */; };
/* End PBXBuildFile section */

/* Begin PBXContainerItemProxy section */
		AD4E6B99283741CA006FB523 /* PBXContainerItemProxy */ = {
			isa = PBXContainerItemProxy;
			containerPortal = AD4E6B80283741C9006FB523 /* Project object */;
			proxyType = 1;
			remoteGlobalIDString = AD4E6B87283741C9006FB523;
			remoteInfo = Messenger;
		};
		AD4E6BA3283741CA006FB523 /* PBXContainerItemProxy */ = {
			isa = PBXContainerItemProxy;
			containerPortal = AD4E6B80283741C9006FB523 /* Project object */;
			proxyType = 1;
			remoteGlobalIDString = AD4E6B87283741C9006FB523;
			remoteInfo = Messenger;
		};
/* End PBXContainerItemProxy section */

/* Begin PBXFileReference section */
		AD02148E2841298800C0BE0A /* UserListView.swift */ = {isa = PBXFileReference; lastKnownFileType = sourcecode.swift; path = UserListView.swift; sourceTree = "<group>"; };
		AD021491284262D100C0BE0A /* BaseTextField.swift */ = {isa = PBXFileReference; lastKnownFileType = sourcecode.swift; path = BaseTextField.swift; sourceTree = "<group>"; };
		AD021493284299B000C0BE0A /* User_Model.swift */ = {isa = PBXFileReference; lastKnownFileType = sourcecode.swift; path = User_Model.swift; sourceTree = "<group>"; };
		AD0214952846331600C0BE0A /* BaseView.swift */ = {isa = PBXFileReference; lastKnownFileType = sourcecode.swift; path = BaseView.swift; sourceTree = "<group>"; };
		AD0214972846334F00C0BE0A /* SettingsView.swift */ = {isa = PBXFileReference; lastKnownFileType = sourcecode.swift; path = SettingsView.swift; sourceTree = "<group>"; };
		AD02149928477F1700C0BE0A /* UserItem_ViewModel.swift */ = {isa = PBXFileReference; lastKnownFileType = sourcecode.swift; path = UserItem_ViewModel.swift; sourceTree = "<group>"; };
		AD02149B2847823300C0BE0A /* UserList_Repository.swift */ = {isa = PBXFileReference; lastKnownFileType = sourcecode.swift; path = UserList_Repository.swift; sourceTree = "<group>"; };
		AD02149D284785DA00C0BE0A /* UserListItemView.swift */ = {isa = PBXFileReference; lastKnownFileType = sourcecode.swift; path = UserListItemView.swift; sourceTree = "<group>"; };
		AD02149F28479DD100C0BE0A /* ChatView.swift */ = {isa = PBXFileReference; lastKnownFileType = sourcecode.swift; path = ChatView.swift; sourceTree = "<group>"; };
		AD0214A12848B72C00C0BE0A /* ImagePicker.swift */ = {isa = PBXFileReference; lastKnownFileType = sourcecode.swift; path = ImagePicker.swift; sourceTree = "<group>"; };
		AD19399E283B7C4D003742AC /* AuthUser_Model.swift */ = {isa = PBXFileReference; lastKnownFileType = sourcecode.swift; path = AuthUser_Model.swift; sourceTree = "<group>"; };
		AD1939A1283B7F09003742AC /* UserList_ViewModel.swift */ = {isa = PBXFileReference; lastKnownFileType = sourcecode.swift; path = UserList_ViewModel.swift; sourceTree = "<group>"; };
		AD1939A4283B7FA9003742AC /* UserAuth_Repository.swift */ = {isa = PBXFileReference; lastKnownFileType = sourcecode.swift; path = UserAuth_Repository.swift; sourceTree = "<group>"; };
		AD1939A6283BB9FD003742AC /* App_Manager.swift */ = {isa = PBXFileReference; lastKnownFileType = sourcecode.swift; path = App_Manager.swift; sourceTree = "<group>"; };
		AD4E6B88283741C9006FB523 /* Messenger.app */ = {isa = PBXFileReference; explicitFileType = wrapper.application; includeInIndex = 0; path = Messenger.app; sourceTree = BUILT_PRODUCTS_DIR; };
		AD4E6B8B283741C9006FB523 /* MessengerApp.swift */ = {isa = PBXFileReference; lastKnownFileType = sourcecode.swift; path = MessengerApp.swift; sourceTree = "<group>"; };
		AD4E6B8F283741C9006FB523 /* Assets.xcassets */ = {isa = PBXFileReference; lastKnownFileType = folder.assetcatalog; path = Assets.xcassets; sourceTree = "<group>"; };
		AD4E6B92283741C9006FB523 /* Preview Assets.xcassets */ = {isa = PBXFileReference; lastKnownFileType = folder.assetcatalog; path = "Preview Assets.xcassets"; sourceTree = "<group>"; };
		AD4E6B98283741CA006FB523 /* MessengerTests.xctest */ = {isa = PBXFileReference; explicitFileType = wrapper.cfbundle; includeInIndex = 0; path = MessengerTests.xctest; sourceTree = BUILT_PRODUCTS_DIR; };
		AD4E6B9C283741CA006FB523 /* MessengerTests.swift */ = {isa = PBXFileReference; lastKnownFileType = sourcecode.swift; path = MessengerTests.swift; sourceTree = "<group>"; };
		AD4E6BA2283741CA006FB523 /* MessengerUITests.xctest */ = {isa = PBXFileReference; explicitFileType = wrapper.cfbundle; includeInIndex = 0; path = MessengerUITests.xctest; sourceTree = BUILT_PRODUCTS_DIR; };
		AD4E6BA6283741CA006FB523 /* MessengerUITests.swift */ = {isa = PBXFileReference; lastKnownFileType = sourcecode.swift; path = MessengerUITests.swift; sourceTree = "<group>"; };
		AD4E6BA8283741CA006FB523 /* MessengerUITestsLaunchTests.swift */ = {isa = PBXFileReference; lastKnownFileType = sourcecode.swift; path = MessengerUITestsLaunchTests.swift; sourceTree = "<group>"; };
		AD4E6BBA283745C2006FB523 /* LoginView.swift */ = {isa = PBXFileReference; lastKnownFileType = sourcecode.swift; path = LoginView.swift; sourceTree = "<group>"; };
		AD4E6BBC283748A1006FB523 /* GoogleService-Info.plist */ = {isa = PBXFileReference; fileEncoding = 4; lastKnownFileType = text.plist.xml; path = "GoogleService-Info.plist"; sourceTree = "<group>"; };
/* End PBXFileReference section */

/* Begin PBXFrameworksBuildPhase section */
		AD4E6B85283741C9006FB523 /* Frameworks */ = {
			isa = PBXFrameworksBuildPhase;
			buildActionMask = 2147483647;
			files = (
				AD4E6BB728374386006FB523 /* FirebaseFirestore in Frameworks */,
				AD4E6BB928374386006FB523 /* FirebaseFirestoreSwift in Frameworks */,
				AD0214A7284A7C3200C0BE0A /* FirebaseStorageCombine-Community in Frameworks */,
				AD0214A5284A7C3200C0BE0A /* FirebaseStorage in Frameworks */,
			);
			runOnlyForDeploymentPostprocessing = 0;
		};
		AD4E6B95283741CA006FB523 /* Frameworks */ = {
			isa = PBXFrameworksBuildPhase;
			buildActionMask = 2147483647;
			files = (
			);
			runOnlyForDeploymentPostprocessing = 0;
		};
		AD4E6B9F283741CA006FB523 /* Frameworks */ = {
			isa = PBXFrameworksBuildPhase;
			buildActionMask = 2147483647;
			files = (
			);
			runOnlyForDeploymentPostprocessing = 0;
		};
/* End PBXFrameworksBuildPhase section */

/* Begin PBXGroup section */
		AD02148D2841294800C0BE0A /* Views */ = {
			isa = PBXGroup;
			children = (
				AD4E6BBA283745C2006FB523 /* LoginView.swift */,
				AD02148E2841298800C0BE0A /* UserListView.swift */,
				AD0214952846331600C0BE0A /* BaseView.swift */,
				AD0214972846334F00C0BE0A /* SettingsView.swift */,
				AD02149D284785DA00C0BE0A /* UserListItemView.swift */,
				AD02149F28479DD100C0BE0A /* ChatView.swift */,
				AD0214A12848B72C00C0BE0A /* ImagePicker.swift */,
			);
			path = Views;
			sourceTree = "<group>";
		};
		AD021490284262B200C0BE0A /* CustomSubViews */ = {
			isa = PBXGroup;
			children = (
				AD021491284262D100C0BE0A /* BaseTextField.swift */,
			);
			path = CustomSubViews;
			sourceTree = "<group>";
		};
		AD19399D283B7C2A003742AC /* Models */ = {
			isa = PBXGroup;
			children = (
				AD19399E283B7C4D003742AC /* AuthUser_Model.swift */,
				AD1939A6283BB9FD003742AC /* App_Manager.swift */,
				AD021493284299B000C0BE0A /* User_Model.swift */,
			);
			path = Models;
			sourceTree = "<group>";
		};
		AD1939A0283B7EF7003742AC /* ViewModel */ = {
			isa = PBXGroup;
			children = (
				AD1939A1283B7F09003742AC /* UserList_ViewModel.swift */,
				AD02149928477F1700C0BE0A /* UserItem_ViewModel.swift */,
			);
			path = ViewModel;
			sourceTree = "<group>";
		};
		AD1939A3283B7F93003742AC /* Repositories */ = {
			isa = PBXGroup;
			children = (
				AD1939A4283B7FA9003742AC /* UserAuth_Repository.swift */,
				AD02149B2847823300C0BE0A /* UserList_Repository.swift */,
			);
			path = Repositories;
			sourceTree = "<group>";
		};
		AD4E6B7F283741C9006FB523 = {
			isa = PBXGroup;
			children = (
				AD4E6B8A283741C9006FB523 /* Messenger */,
				AD4E6B9B283741CA006FB523 /* MessengerTests */,
				AD4E6BA5283741CA006FB523 /* MessengerUITests */,
				AD4E6B89283741C9006FB523 /* Products */,
			);
			sourceTree = "<group>";
		};
		AD4E6B89283741C9006FB523 /* Products */ = {
			isa = PBXGroup;
			children = (
				AD4E6B88283741C9006FB523 /* Messenger.app */,
				AD4E6B98283741CA006FB523 /* MessengerTests.xctest */,
				AD4E6BA2283741CA006FB523 /* MessengerUITests.xctest */,
			);
			name = Products;
			sourceTree = "<group>";
		};
		AD4E6B8A283741C9006FB523 /* Messenger */ = {
			isa = PBXGroup;
			children = (
				AD021490284262B200C0BE0A /* CustomSubViews */,
				AD02148D2841294800C0BE0A /* Views */,
				AD1939A3283B7F93003742AC /* Repositories */,
				AD1939A0283B7EF7003742AC /* ViewModel */,
				AD19399D283B7C2A003742AC /* Models */,
				AD4E6BBC283748A1006FB523 /* GoogleService-Info.plist */,
				AD4E6B8B283741C9006FB523 /* MessengerApp.swift */,
				AD4E6B8F283741C9006FB523 /* Assets.xcassets */,
				AD4E6B91283741C9006FB523 /* Preview Content */,
			);
			path = Messenger;
			sourceTree = "<group>";
		};
		AD4E6B91283741C9006FB523 /* Preview Content */ = {
			isa = PBXGroup;
			children = (
				AD4E6B92283741C9006FB523 /* Preview Assets.xcassets */,
			);
			path = "Preview Content";
			sourceTree = "<group>";
		};
		AD4E6B9B283741CA006FB523 /* MessengerTests */ = {
			isa = PBXGroup;
			children = (
				AD4E6B9C283741CA006FB523 /* MessengerTests.swift */,
			);
			path = MessengerTests;
			sourceTree = "<group>";
		};
		AD4E6BA5283741CA006FB523 /* MessengerUITests */ = {
			isa = PBXGroup;
			children = (
				AD4E6BA6283741CA006FB523 /* MessengerUITests.swift */,
				AD4E6BA8283741CA006FB523 /* MessengerUITestsLaunchTests.swift */,
			);
			path = MessengerUITests;
			sourceTree = "<group>";
		};
/* End PBXGroup section */

/* Begin PBXNativeTarget section */
		AD4E6B87283741C9006FB523 /* Messenger */ = {
			isa = PBXNativeTarget;
			buildConfigurationList = AD4E6BAC283741CA006FB523 /* Build configuration list for PBXNativeTarget "Messenger" */;
			buildPhases = (
				AD4E6B84283741C9006FB523 /* Sources */,
				AD4E6B85283741C9006FB523 /* Frameworks */,
				AD4E6B86283741C9006FB523 /* Resources */,
			);
			buildRules = (
			);
			dependencies = (
			);
			name = Messenger;
			packageProductDependencies = (
				AD4E6BB628374386006FB523 /* FirebaseFirestore */,
				AD4E6BB828374386006FB523 /* FirebaseFirestoreSwift */,
				AD0214A4284A7C3200C0BE0A /* FirebaseStorage */,
				AD0214A6284A7C3200C0BE0A /* FirebaseStorageCombine-Community */,
			);
			productName = Messenger;
			productReference = AD4E6B88283741C9006FB523 /* Messenger.app */;
			productType = "com.apple.product-type.application";
		};
		AD4E6B97283741CA006FB523 /* MessengerTests */ = {
			isa = PBXNativeTarget;
			buildConfigurationList = AD4E6BAF283741CA006FB523 /* Build configuration list for PBXNativeTarget "MessengerTests" */;
			buildPhases = (
				AD4E6B94283741CA006FB523 /* Sources */,
				AD4E6B95283741CA006FB523 /* Frameworks */,
				AD4E6B96283741CA006FB523 /* Resources */,
			);
			buildRules = (
			);
			dependencies = (
				AD4E6B9A283741CA006FB523 /* PBXTargetDependency */,
			);
			name = MessengerTests;
			productName = MessengerTests;
			productReference = AD4E6B98283741CA006FB523 /* MessengerTests.xctest */;
			productType = "com.apple.product-type.bundle.unit-test";
		};
		AD4E6BA1283741CA006FB523 /* MessengerUITests */ = {
			isa = PBXNativeTarget;
			buildConfigurationList = AD4E6BB2283741CA006FB523 /* Build configuration list for PBXNativeTarget "MessengerUITests" */;
			buildPhases = (
				AD4E6B9E283741CA006FB523 /* Sources */,
				AD4E6B9F283741CA006FB523 /* Frameworks */,
				AD4E6BA0283741CA006FB523 /* Resources */,
			);
			buildRules = (
			);
			dependencies = (
				AD4E6BA4283741CA006FB523 /* PBXTargetDependency */,
			);
			name = MessengerUITests;
			productName = MessengerUITests;
			productReference = AD4E6BA2283741CA006FB523 /* MessengerUITests.xctest */;
			productType = "com.apple.product-type.bundle.ui-testing";
		};
/* End PBXNativeTarget section */

/* Begin PBXProject section */
		AD4E6B80283741C9006FB523 /* Project object */ = {
			isa = PBXProject;
			attributes = {
				BuildIndependentTargetsInParallel = 1;
				LastSwiftUpdateCheck = 1340;
				LastUpgradeCheck = 1340;
				TargetAttributes = {
					AD4E6B87283741C9006FB523 = {
						CreatedOnToolsVersion = 13.4;
					};
					AD4E6B97283741CA006FB523 = {
						CreatedOnToolsVersion = 13.4;
						TestTargetID = AD4E6B87283741C9006FB523;
					};
					AD4E6BA1283741CA006FB523 = {
						CreatedOnToolsVersion = 13.4;
						TestTargetID = AD4E6B87283741C9006FB523;
					};
				};
			};
			buildConfigurationList = AD4E6B83283741C9006FB523 /* Build configuration list for PBXProject "Messenger" */;
			compatibilityVersion = "Xcode 13.0";
			developmentRegion = en;
			hasScannedForEncodings = 0;
			knownRegions = (
				en,
				Base,
			);
			mainGroup = AD4E6B7F283741C9006FB523;
			packageReferences = (
				AD4E6BB528374386006FB523 /* XCRemoteSwiftPackageReference "firebase-ios-sdk" */,
				AD0214A3284A7C3200C0BE0A /* XCRemoteSwiftPackageReference "firebase-ios-sdk" */,
			);
			productRefGroup = AD4E6B89283741C9006FB523 /* Products */;
			projectDirPath = "";
			projectRoot = "";
			targets = (
				AD4E6B87283741C9006FB523 /* Messenger */,
				AD4E6B97283741CA006FB523 /* MessengerTests */,
				AD4E6BA1283741CA006FB523 /* MessengerUITests */,
			);
		};
/* End PBXProject section */

/* Begin PBXResourcesBuildPhase section */
		AD4E6B86283741C9006FB523 /* Resources */ = {
			isa = PBXResourcesBuildPhase;
			buildActionMask = 2147483647;
			files = (
				AD4E6B93283741C9006FB523 /* Preview Assets.xcassets in Resources */,
				AD4E6B90283741C9006FB523 /* Assets.xcassets in Resources */,
				AD4E6BBD283748A1006FB523 /* GoogleService-Info.plist in Resources */,
			);
			runOnlyForDeploymentPostprocessing = 0;
		};
		AD4E6B96283741CA006FB523 /* Resources */ = {
			isa = PBXResourcesBuildPhase;
			buildActionMask = 2147483647;
			files = (
			);
			runOnlyForDeploymentPostprocessing = 0;
		};
		AD4E6BA0283741CA006FB523 /* Resources */ = {
			isa = PBXResourcesBuildPhase;
			buildActionMask = 2147483647;
			files = (
			);
			runOnlyForDeploymentPostprocessing = 0;
		};
/* End PBXResourcesBuildPhase section */

/* Begin PBXSourcesBuildPhase section */
		AD4E6B84283741C9006FB523 /* Sources */ = {
			isa = PBXSourcesBuildPhase;
			buildActionMask = 2147483647;
			files = (
				AD02149A28477F1700C0BE0A /* UserItem_ViewModel.swift in Sources */,
				AD02149C2847823300C0BE0A /* UserList_Repository.swift in Sources */,
				AD1939A5283B7FA9003742AC /* UserAuth_Repository.swift in Sources */,
				AD4E6BBB283745C2006FB523 /* LoginView.swift in Sources */,
				AD021492284262D100C0BE0A /* BaseTextField.swift in Sources */,
				AD1939A2283B7F09003742AC /* UserList_ViewModel.swift in Sources */,
				AD19399F283B7C4D003742AC /* AuthUser_Model.swift in Sources */,
				AD0214A028479DD100C0BE0A /* ChatView.swift in Sources */,
				AD4E6B8C283741C9006FB523 /* MessengerApp.swift in Sources */,
				AD02149E284785DA00C0BE0A /* UserListItemView.swift in Sources */,
				AD02148F2841298800C0BE0A /* UserListView.swift in Sources */,
				AD0214962846331600C0BE0A /* BaseView.swift in Sources */,
				AD021494284299B000C0BE0A /* User_Model.swift in Sources */,
				AD0214A22848B72C00C0BE0A /* ImagePicker.swift in Sources */,
				AD1939A7283BB9FD003742AC /* App_Manager.swift in Sources */,
				AD0214982846334F00C0BE0A /* SettingsView.swift in Sources */,
			);
			runOnlyForDeploymentPostprocessing = 0;
		};
		AD4E6B94283741CA006FB523 /* Sources */ = {
			isa = PBXSourcesBuildPhase;
			buildActionMask = 2147483647;
			files = (
				AD4E6B9D283741CA006FB523 /* MessengerTests.swift in Sources */,
			);
			runOnlyForDeploymentPostprocessing = 0;
		};
		AD4E6B9E283741CA006FB523 /* Sources */ = {
			isa = PBXSourcesBuildPhase;
			buildActionMask = 2147483647;
			files = (
				AD4E6BA9283741CA006FB523 /* MessengerUITestsLaunchTests.swift in Sources */,
				AD4E6BA7283741CA006FB523 /* MessengerUITests.swift in Sources */,
			);
			runOnlyForDeploymentPostprocessing = 0;
		};
/* End PBXSourcesBuildPhase section */

/* Begin PBXTargetDependency section */
		AD4E6B9A283741CA006FB523 /* PBXTargetDependency */ = {
			isa = PBXTargetDependency;
			target = AD4E6B87283741C9006FB523 /* Messenger */;
			targetProxy = AD4E6B99283741CA006FB523 /* PBXContainerItemProxy */;
		};
		AD4E6BA4283741CA006FB523 /* PBXTargetDependency */ = {
			isa = PBXTargetDependency;
			target = AD4E6B87283741C9006FB523 /* Messenger */;
			targetProxy = AD4E6BA3283741CA006FB523 /* PBXContainerItemProxy */;
		};
/* End PBXTargetDependency section */

/* Begin XCBuildConfiguration section */
		AD4E6BAA283741CA006FB523 /* Debug */ = {
			isa = XCBuildConfiguration;
			buildSettings = {
				ALWAYS_SEARCH_USER_PATHS = NO;
				CLANG_ANALYZER_NONNULL = YES;
				CLANG_ANALYZER_NUMBER_OBJECT_CONVERSION = YES_AGGRESSIVE;
				CLANG_CXX_LANGUAGE_STANDARD = "gnu++17";
				CLANG_ENABLE_MODULES = YES;
				CLANG_ENABLE_OBJC_ARC = YES;
				CLANG_ENABLE_OBJC_WEAK = YES;
				CLANG_WARN_BLOCK_CAPTURE_AUTORELEASING = YES;
				CLANG_WARN_BOOL_CONVERSION = YES;
				CLANG_WARN_COMMA = YES;
				CLANG_WARN_CONSTANT_CONVERSION = YES;
				CLANG_WARN_DEPRECATED_OBJC_IMPLEMENTATIONS = YES;
				CLANG_WARN_DIRECT_OBJC_ISA_USAGE = YES_ERROR;
				CLANG_WARN_DOCUMENTATION_COMMENTS = YES;
				CLANG_WARN_EMPTY_BODY = YES;
				CLANG_WARN_ENUM_CONVERSION = YES;
				CLANG_WARN_INFINITE_RECURSION = YES;
				CLANG_WARN_INT_CONVERSION = YES;
				CLANG_WARN_NON_LITERAL_NULL_CONVERSION = YES;
				CLANG_WARN_OBJC_IMPLICIT_RETAIN_SELF = YES;
				CLANG_WARN_OBJC_LITERAL_CONVERSION = YES;
				CLANG_WARN_OBJC_ROOT_CLASS = YES_ERROR;
				CLANG_WARN_QUOTED_INCLUDE_IN_FRAMEWORK_HEADER = YES;
				CLANG_WARN_RANGE_LOOP_ANALYSIS = YES;
				CLANG_WARN_STRICT_PROTOTYPES = YES;
				CLANG_WARN_SUSPICIOUS_MOVE = YES;
				CLANG_WARN_UNGUARDED_AVAILABILITY = YES_AGGRESSIVE;
				CLANG_WARN_UNREACHABLE_CODE = YES;
				CLANG_WARN__DUPLICATE_METHOD_MATCH = YES;
				COPY_PHASE_STRIP = NO;
				DEBUG_INFORMATION_FORMAT = dwarf;
				ENABLE_STRICT_OBJC_MSGSEND = YES;
				ENABLE_TESTABILITY = YES;
				GCC_C_LANGUAGE_STANDARD = gnu11;
				GCC_DYNAMIC_NO_PIC = NO;
				GCC_NO_COMMON_BLOCKS = YES;
				GCC_OPTIMIZATION_LEVEL = 0;
				GCC_PREPROCESSOR_DEFINITIONS = (
					"DEBUG=1",
					"$(inherited)",
				);
				GCC_WARN_64_TO_32_BIT_CONVERSION = YES;
				GCC_WARN_ABOUT_RETURN_TYPE = YES_ERROR;
				GCC_WARN_UNDECLARED_SELECTOR = YES;
				GCC_WARN_UNINITIALIZED_AUTOS = YES_AGGRESSIVE;
				GCC_WARN_UNUSED_FUNCTION = YES;
				GCC_WARN_UNUSED_VARIABLE = YES;
				IPHONEOS_DEPLOYMENT_TARGET = 15.0;
				MTL_ENABLE_DEBUG_INFO = INCLUDE_SOURCE;
				MTL_FAST_MATH = YES;
				ONLY_ACTIVE_ARCH = YES;
				SDKROOT = iphoneos;
				SWIFT_ACTIVE_COMPILATION_CONDITIONS = DEBUG;
				SWIFT_OPTIMIZATION_LEVEL = "-Onone";
			};
			name = Debug;
		};
		AD4E6BAB283741CA006FB523 /* Release */ = {
			isa = XCBuildConfiguration;
			buildSettings = {
				ALWAYS_SEARCH_USER_PATHS = NO;
				CLANG_ANALYZER_NONNULL = YES;
				CLANG_ANALYZER_NUMBER_OBJECT_CONVERSION = YES_AGGRESSIVE;
				CLANG_CXX_LANGUAGE_STANDARD = "gnu++17";
				CLANG_ENABLE_MODULES = YES;
				CLANG_ENABLE_OBJC_ARC = YES;
				CLANG_ENABLE_OBJC_WEAK = YES;
				CLANG_WARN_BLOCK_CAPTURE_AUTORELEASING = YES;
				CLANG_WARN_BOOL_CONVERSION = YES;
				CLANG_WARN_COMMA = YES;
				CLANG_WARN_CONSTANT_CONVERSION = YES;
				CLANG_WARN_DEPRECATED_OBJC_IMPLEMENTATIONS = YES;
				CLANG_WARN_DIRECT_OBJC_ISA_USAGE = YES_ERROR;
				CLANG_WARN_DOCUMENTATION_COMMENTS = YES;
				CLANG_WARN_EMPTY_BODY = YES;
				CLANG_WARN_ENUM_CONVERSION = YES;
				CLANG_WARN_INFINITE_RECURSION = YES;
				CLANG_WARN_INT_CONVERSION = YES;
				CLANG_WARN_NON_LITERAL_NULL_CONVERSION = YES;
				CLANG_WARN_OBJC_IMPLICIT_RETAIN_SELF = YES;
				CLANG_WARN_OBJC_LITERAL_CONVERSION = YES;
				CLANG_WARN_OBJC_ROOT_CLASS = YES_ERROR;
				CLANG_WARN_QUOTED_INCLUDE_IN_FRAMEWORK_HEADER = YES;
				CLANG_WARN_RANGE_LOOP_ANALYSIS = YES;
				CLANG_WARN_STRICT_PROTOTYPES = YES;
				CLANG_WARN_SUSPICIOUS_MOVE = YES;
				CLANG_WARN_UNGUARDED_AVAILABILITY = YES_AGGRESSIVE;
				CLANG_WARN_UNREACHABLE_CODE = YES;
				CLANG_WARN__DUPLICATE_METHOD_MATCH = YES;
				COPY_PHASE_STRIP = NO;
				DEBUG_INFORMATION_FORMAT = "dwarf-with-dsym";
				ENABLE_NS_ASSERTIONS = NO;
				ENABLE_STRICT_OBJC_MSGSEND = YES;
				GCC_C_LANGUAGE_STANDARD = gnu11;
				GCC_NO_COMMON_BLOCKS = YES;
				GCC_WARN_64_TO_32_BIT_CONVERSION = YES;
				GCC_WARN_ABOUT_RETURN_TYPE = YES_ERROR;
				GCC_WARN_UNDECLARED_SELECTOR = YES;
				GCC_WARN_UNINITIALIZED_AUTOS = YES_AGGRESSIVE;
				GCC_WARN_UNUSED_FUNCTION = YES;
				GCC_WARN_UNUSED_VARIABLE = YES;
				IPHONEOS_DEPLOYMENT_TARGET = 15.0;
				MTL_ENABLE_DEBUG_INFO = NO;
				MTL_FAST_MATH = YES;
				SDKROOT = iphoneos;
				SWIFT_COMPILATION_MODE = wholemodule;
				SWIFT_OPTIMIZATION_LEVEL = "-O";
				VALIDATE_PRODUCT = YES;
			};
			name = Release;
		};
		AD4E6BAD283741CA006FB523 /* Debug */ = {
			isa = XCBuildConfiguration;
			buildSettings = {
				ASSETCATALOG_COMPILER_APPICON_NAME = AppIcon;
				ASSETCATALOG_COMPILER_GLOBAL_ACCENT_COLOR_NAME = AccentColor;
				CODE_SIGN_STYLE = Automatic;
				CURRENT_PROJECT_VERSION = 1;
				DEVELOPMENT_ASSET_PATHS = "\"Messenger/Preview Content\"";
				DEVELOPMENT_TEAM = 3T458SS724;
				ENABLE_PREVIEWS = YES;
				GENERATE_INFOPLIST_FILE = YES;
				INFOPLIST_KEY_UIApplicationSceneManifest_Generation = YES;
				INFOPLIST_KEY_UIApplicationSupportsIndirectInputEvents = YES;
				INFOPLIST_KEY_UILaunchScreen_Generation = YES;
				INFOPLIST_KEY_UISupportedInterfaceOrientations_iPad = "UIInterfaceOrientationPortrait UIInterfaceOrientationPortraitUpsideDown UIInterfaceOrientationLandscapeLeft UIInterfaceOrientationLandscapeRight";
				INFOPLIST_KEY_UISupportedInterfaceOrientations_iPhone = "UIInterfaceOrientationPortrait UIInterfaceOrientationLandscapeLeft UIInterfaceOrientationLandscapeRight";
				LD_RUNPATH_SEARCH_PATHS = (
					"$(inherited)",
					"@executable_path/Frameworks",
				);
				MARKETING_VERSION = 1.0;
				PRODUCT_BUNDLE_IDENTIFIER = com.abhnv.messages.Messenger;
				PRODUCT_NAME = "$(TARGET_NAME)";
				SWIFT_EMIT_LOC_STRINGS = YES;
				SWIFT_VERSION = 5.0;
				TARGETED_DEVICE_FAMILY = "1,2";
			};
			name = Debug;
		};
		AD4E6BAE283741CA006FB523 /* Release */ = {
			isa = XCBuildConfiguration;
			buildSettings = {
				ASSETCATALOG_COMPILER_APPICON_NAME = AppIcon;
				ASSETCATALOG_COMPILER_GLOBAL_ACCENT_COLOR_NAME = AccentColor;
				CODE_SIGN_STYLE = Automatic;
				CURRENT_PROJECT_VERSION = 1;
				DEVELOPMENT_ASSET_PATHS = "\"Messenger/Preview Content\"";
				DEVELOPMENT_TEAM = 3T458SS724;
				ENABLE_PREVIEWS = YES;
				GENERATE_INFOPLIST_FILE = YES;
				INFOPLIST_KEY_UIApplicationSceneManifest_Generation = YES;
				INFOPLIST_KEY_UIApplicationSupportsIndirectInputEvents = YES;
				INFOPLIST_KEY_UILaunchScreen_Generation = YES;
				INFOPLIST_KEY_UISupportedInterfaceOrientations_iPad = "UIInterfaceOrientationPortrait UIInterfaceOrientationPortraitUpsideDown UIInterfaceOrientationLandscapeLeft UIInterfaceOrientationLandscapeRight";
				INFOPLIST_KEY_UISupportedInterfaceOrientations_iPhone = "UIInterfaceOrientationPortrait UIInterfaceOrientationLandscapeLeft UIInterfaceOrientationLandscapeRight";
				LD_RUNPATH_SEARCH_PATHS = (
					"$(inherited)",
					"@executable_path/Frameworks",
				);
				MARKETING_VERSION = 1.0;
				PRODUCT_BUNDLE_IDENTIFIER = com.abhnv.messages.Messenger;
				PRODUCT_NAME = "$(TARGET_NAME)";
				SWIFT_EMIT_LOC_STRINGS = YES;
				SWIFT_VERSION = 5.0;
				TARGETED_DEVICE_FAMILY = "1,2";
			};
			name = Release;
		};
		AD4E6BB0283741CA006FB523 /* Debug */ = {
			isa = XCBuildConfiguration;
			buildSettings = {
				ALWAYS_EMBED_SWIFT_STANDARD_LIBRARIES = YES;
				BUNDLE_LOADER = "$(TEST_HOST)";
				CODE_SIGN_STYLE = Automatic;
				CURRENT_PROJECT_VERSION = 1;
				DEVELOPMENT_TEAM = 3T458SS724;
				GENERATE_INFOPLIST_FILE = YES;
				IPHONEOS_DEPLOYMENT_TARGET = 15.5;
				MARKETING_VERSION = 1.0;
				PRODUCT_BUNDLE_IDENTIFIER = com.abhnv.messages.MessengerTests;
				PRODUCT_NAME = "$(TARGET_NAME)";
				SWIFT_EMIT_LOC_STRINGS = NO;
				SWIFT_VERSION = 5.0;
				TARGETED_DEVICE_FAMILY = "1,2";
				TEST_HOST = "$(BUILT_PRODUCTS_DIR)/Messenger.app/Messenger";
			};
			name = Debug;
		};
		AD4E6BB1283741CA006FB523 /* Release */ = {
			isa = XCBuildConfiguration;
			buildSettings = {
				ALWAYS_EMBED_SWIFT_STANDARD_LIBRARIES = YES;
				BUNDLE_LOADER = "$(TEST_HOST)";
				CODE_SIGN_STYLE = Automatic;
				CURRENT_PROJECT_VERSION = 1;
				DEVELOPMENT_TEAM = 3T458SS724;
				GENERATE_INFOPLIST_FILE = YES;
				IPHONEOS_DEPLOYMENT_TARGET = 15.5;
				MARKETING_VERSION = 1.0;
				PRODUCT_BUNDLE_IDENTIFIER = com.abhnv.messages.MessengerTests;
				PRODUCT_NAME = "$(TARGET_NAME)";
				SWIFT_EMIT_LOC_STRINGS = NO;
				SWIFT_VERSION = 5.0;
				TARGETED_DEVICE_FAMILY = "1,2";
				TEST_HOST = "$(BUILT_PRODUCTS_DIR)/Messenger.app/Messenger";
			};
			name = Release;
		};
		AD4E6BB3283741CA006FB523 /* Debug */ = {
			isa = XCBuildConfiguration;
			buildSettings = {
				ALWAYS_EMBED_SWIFT_STANDARD_LIBRARIES = YES;
				CODE_SIGN_STYLE = Automatic;
				CURRENT_PROJECT_VERSION = 1;
				DEVELOPMENT_TEAM = 3T458SS724;
				GENERATE_INFOPLIST_FILE = YES;
				MARKETING_VERSION = 1.0;
				PRODUCT_BUNDLE_IDENTIFIER = com.abhnv.messages.MessengerUITests;
				PRODUCT_NAME = "$(TARGET_NAME)";
				SWIFT_EMIT_LOC_STRINGS = NO;
				SWIFT_VERSION = 5.0;
				TARGETED_DEVICE_FAMILY = "1,2";
				TEST_TARGET_NAME = Messenger;
			};
			name = Debug;
		};
		AD4E6BB4283741CA006FB523 /* Release */ = {
			isa = XCBuildConfiguration;
			buildSettings = {
				ALWAYS_EMBED_SWIFT_STANDARD_LIBRARIES = YES;
				CODE_SIGN_STYLE = Automatic;
				CURRENT_PROJECT_VERSION = 1;
				DEVELOPMENT_TEAM = 3T458SS724;
				GENERATE_INFOPLIST_FILE = YES;
				MARKETING_VERSION = 1.0;
				PRODUCT_BUNDLE_IDENTIFIER = com.abhnv.messages.MessengerUITests;
				PRODUCT_NAME = "$(TARGET_NAME)";
				SWIFT_EMIT_LOC_STRINGS = NO;
				SWIFT_VERSION = 5.0;
				TARGETED_DEVICE_FAMILY = "1,2";
				TEST_TARGET_NAME = Messenger;
			};
			name = Release;
		};
/* End XCBuildConfiguration section */

/* Begin XCConfigurationList section */
		AD4E6B83283741C9006FB523 /* Build configuration list for PBXProject "Messenger" */ = {
			isa = XCConfigurationList;
			buildConfigurations = (
				AD4E6BAA283741CA006FB523 /* Debug */,
				AD4E6BAB283741CA006FB523 /* Release */,
			);
			defaultConfigurationIsVisible = 0;
			defaultConfigurationName = Release;
		};
		AD4E6BAC283741CA006FB523 /* Build configuration list for PBXNativeTarget "Messenger" */ = {
			isa = XCConfigurationList;
			buildConfigurations = (
				AD4E6BAD283741CA006FB523 /* Debug */,
				AD4E6BAE283741CA006FB523 /* Release */,
			);
			defaultConfigurationIsVisible = 0;
			defaultConfigurationName = Release;
		};
		AD4E6BAF283741CA006FB523 /* Build configuration list for PBXNativeTarget "MessengerTests" */ = {
			isa = XCConfigurationList;
			buildConfigurations = (
				AD4E6BB0283741CA006FB523 /* Debug */,
				AD4E6BB1283741CA006FB523 /* Release */,
			);
			defaultConfigurationIsVisible = 0;
			defaultConfigurationName = Release;
		};
		AD4E6BB2283741CA006FB523 /* Build configuration list for PBXNativeTarget "MessengerUITests" */ = {
			isa = XCConfigurationList;
			buildConfigurations = (
				AD4E6BB3283741CA006FB523 /* Debug */,
				AD4E6BB4283741CA006FB523 /* Release */,
			);
			defaultConfigurationIsVisible = 0;
			defaultConfigurationName = Release;
		};
/* End XCConfigurationList section */

/* Begin XCRemoteSwiftPackageReference section */
		AD0214A3284A7C3200C0BE0A /* XCRemoteSwiftPackageReference "firebase-ios-sdk" */ = {
			isa = XCRemoteSwiftPackageReference;
			repositoryURL = "https://github.com/firebase/firebase-ios-sdk";
			requirement = {
				kind = upToNextMajorVersion;
				minimumVersion = 9.0.0;
			};
		};
		AD4E6BB528374386006FB523 /* XCRemoteSwiftPackageReference "firebase-ios-sdk" */ = {
			isa = XCRemoteSwiftPackageReference;
			repositoryURL = "https://github.com/firebase/firebase-ios-sdk";
			requirement = {
				kind = upToNextMajorVersion;
				minimumVersion = 9.0.0;
			};
		};
/* End XCRemoteSwiftPackageReference section */

/* Begin XCSwiftPackageProductDependency section */
		AD0214A4284A7C3200C0BE0A /* FirebaseStorage */ = {
			isa = XCSwiftPackageProductDependency;
			package = AD4E6BB528374386006FB523 /* XCRemoteSwiftPackageReference "firebase-ios-sdk" */;
			productName = FirebaseStorage;
		};
		AD0214A6284A7C3200C0BE0A /* FirebaseStorageCombine-Community */ = {
			isa = XCSwiftPackageProductDependency;
			package = AD4E6BB528374386006FB523 /* XCRemoteSwiftPackageReference "firebase-ios-sdk" */;
			productName = "FirebaseStorageCombine-Community";
		};
		AD4E6BB628374386006FB523 /* FirebaseFirestore */ = {
			isa = XCSwiftPackageProductDependency;
			package = AD4E6BB528374386006FB523 /* XCRemoteSwiftPackageReference "firebase-ios-sdk" */;
			productName = FirebaseFirestore;
		};
		AD4E6BB828374386006FB523 /* FirebaseFirestoreSwift */ = {
			isa = XCSwiftPackageProductDependency;
			package = AD4E6BB528374386006FB523 /* XCRemoteSwiftPackageReference "firebase-ios-sdk" */;
			productName = FirebaseFirestoreSwift;
		};
/* End XCSwiftPackageProductDependency section */
	};
	rootObject = AD4E6B80283741C9006FB523 /* Project object */;
}
